// !$*UTF8*$!
{
	archiveVersion = 1;
	classes = {
	};
	objectVersion = 56;
	objects = {

/* Begin PBXBuildFile section */
		6A0BBF4B2AE02F0800BA1064 /* LoginViewController.swift in Sources */ = {isa = PBXBuildFile; fileRef = 6A0BBF4A2AE02F0800BA1064 /* LoginViewController.swift */; };
		6A0BBF532AE209ED00BA1064 /* GoogleService-Info.plist in Resources */ = {isa = PBXBuildFile; fileRef = 6A0BBF522AE209ED00BA1064 /* GoogleService-Info.plist */; };
		6A0BBF562AE20C1B00BA1064 /* FirebaseAuth in Frameworks */ = {isa = PBXBuildFile; productRef = 6A0BBF552AE20C1B00BA1064 /* FirebaseAuth */; };
		6A0C767B2AD5E20000D3EE89 /* TextChange.swift in Sources */ = {isa = PBXBuildFile; fileRef = 6A0C767A2AD5E20000D3EE89 /* TextChange.swift */; };
		6ACCBABD2ACE5D3A00DEE0ED /* AppDelegate.swift in Sources */ = {isa = PBXBuildFile; fileRef = 6ACCBABC2ACE5D3A00DEE0ED /* AppDelegate.swift */; };
		6ACCBABF2ACE5D3A00DEE0ED /* SceneDelegate.swift in Sources */ = {isa = PBXBuildFile; fileRef = 6ACCBABE2ACE5D3A00DEE0ED /* SceneDelegate.swift */; };
		6ACCBAC12ACE5D3A00DEE0ED /* ViewController.swift in Sources */ = {isa = PBXBuildFile; fileRef = 6ACCBAC02ACE5D3A00DEE0ED /* ViewController.swift */; };
		6ACCBAC42ACE5D3A00DEE0ED /* Main.storyboard in Resources */ = {isa = PBXBuildFile; fileRef = 6ACCBAC22ACE5D3A00DEE0ED /* Main.storyboard */; };
		6ACCBAC72ACE5D3A00DEE0ED /* CoronadoDaisy_HW5.xcdatamodeld in Sources */ = {isa = PBXBuildFile; fileRef = 6ACCBAC52ACE5D3A00DEE0ED /* CoronadoDaisy_HW5.xcdatamodeld */; };
		6ACCBAC92ACE5D3B00DEE0ED /* Assets.xcassets in Resources */ = {isa = PBXBuildFile; fileRef = 6ACCBAC82ACE5D3B00DEE0ED /* Assets.xcassets */; };
		6ACCBACC2ACE5D3B00DEE0ED /* LaunchScreen.storyboard in Resources */ = {isa = PBXBuildFile; fileRef = 6ACCBACA2ACE5D3B00DEE0ED /* LaunchScreen.storyboard */; };
		6ACCBAD42ACF6FD600DEE0ED /* PizzaViewController.swift in Sources */ = {isa = PBXBuildFile; fileRef = 6ACCBAD32ACF6FD600DEE0ED /* PizzaViewController.swift */; };
/* End PBXBuildFile section */

/* Begin PBXFileReference section */
		6A0BBF4A2AE02F0800BA1064 /* LoginViewController.swift */ = {isa = PBXFileReference; lastKnownFileType = sourcecode.swift; path = LoginViewController.swift; sourceTree = "<group>"; };
		6A0BBF522AE209ED00BA1064 /* GoogleService-Info.plist */ = {isa = PBXFileReference; fileEncoding = 4; lastKnownFileType = text.plist.xml; name = "GoogleService-Info.plist"; path = "../../../../GoogleService-Info.plist"; sourceTree = "<group>"; };
		6A0BBF572AE21B8C00BA1064 /* <Coronado><Daisy>-HW6.entitlements */ = {isa = PBXFileReference; lastKnownFileType = text.plist.entitlements; path = "<Coronado><Daisy>-HW6.entitlements"; sourceTree = "<group>"; };
		6A0C767A2AD5E20000D3EE89 /* TextChange.swift */ = {isa = PBXFileReference; lastKnownFileType = sourcecode.swift; path = TextChange.swift; sourceTree = "<group>"; };
		6ACCBAB92ACE5D3A00DEE0ED /* <Coronado><Daisy>-HW6.app */ = {isa = PBXFileReference; explicitFileType = wrapper.application; includeInIndex = 0; path = "<Coronado><Daisy>-HW6.app"; sourceTree = BUILT_PRODUCTS_DIR; };
		6ACCBABC2ACE5D3A00DEE0ED /* AppDelegate.swift */ = {isa = PBXFileReference; lastKnownFileType = sourcecode.swift; path = AppDelegate.swift; sourceTree = "<group>"; };
		6ACCBABE2ACE5D3A00DEE0ED /* SceneDelegate.swift */ = {isa = PBXFileReference; lastKnownFileType = sourcecode.swift; path = SceneDelegate.swift; sourceTree = "<group>"; };
		6ACCBAC02ACE5D3A00DEE0ED /* ViewController.swift */ = {isa = PBXFileReference; lastKnownFileType = sourcecode.swift; path = ViewController.swift; sourceTree = "<group>"; };
		6ACCBAC32ACE5D3A00DEE0ED /* Base */ = {isa = PBXFileReference; lastKnownFileType = file.storyboard; name = Base; path = Base.lproj/Main.storyboard; sourceTree = "<group>"; };
		6ACCBAC62ACE5D3A00DEE0ED /* CoronadoDaisy_HW5.xcdatamodel */ = {isa = PBXFileReference; lastKnownFileType = wrapper.xcdatamodel; path = CoronadoDaisy_HW5.xcdatamodel; sourceTree = "<group>"; };
		6ACCBAC82ACE5D3B00DEE0ED /* Assets.xcassets */ = {isa = PBXFileReference; lastKnownFileType = folder.assetcatalog; path = Assets.xcassets; sourceTree = "<group>"; };
		6ACCBACB2ACE5D3B00DEE0ED /* Base */ = {isa = PBXFileReference; lastKnownFileType = file.storyboard; name = Base; path = Base.lproj/LaunchScreen.storyboard; sourceTree = "<group>"; };
		6ACCBACD2ACE5D3B00DEE0ED /* Info.plist */ = {isa = PBXFileReference; lastKnownFileType = text.plist.xml; path = Info.plist; sourceTree = "<group>"; };
		6ACCBAD32ACF6FD600DEE0ED /* PizzaViewController.swift */ = {isa = PBXFileReference; lastKnownFileType = sourcecode.swift; path = PizzaViewController.swift; sourceTree = "<group>"; };
/* End PBXFileReference section */

/* Begin PBXFrameworksBuildPhase section */
		6ACCBAB62ACE5D3A00DEE0ED /* Frameworks */ = {
			isa = PBXFrameworksBuildPhase;
			buildActionMask = 2147483647;
			files = (
				6A0BBF562AE20C1B00BA1064 /* FirebaseAuth in Frameworks */,
			);
			runOnlyForDeploymentPostprocessing = 0;
		};
/* End PBXFrameworksBuildPhase section */

/* Begin PBXGroup section */
		6ACCBAB02ACE5D3A00DEE0ED = {
			isa = PBXGroup;
			children = (
				6ACCBABB2ACE5D3A00DEE0ED /* <Coronado><Daisy>-HW6 */,
				6ACCBABA2ACE5D3A00DEE0ED /* Products */,
			);
			sourceTree = "<group>";
		};
		6ACCBABA2ACE5D3A00DEE0ED /* Products */ = {
			isa = PBXGroup;
			children = (
				6ACCBAB92ACE5D3A00DEE0ED /* <Coronado><Daisy>-HW6.app */,
			);
			name = Products;
			sourceTree = "<group>";
		};
		6ACCBABB2ACE5D3A00DEE0ED /* <Coronado><Daisy>-HW6 */ = {
			isa = PBXGroup;
			children = (
				6A0BBF572AE21B8C00BA1064 /* <Coronado><Daisy>-HW6.entitlements */,
				6ACCBABC2ACE5D3A00DEE0ED /* AppDelegate.swift */,
				6ACCBABE2ACE5D3A00DEE0ED /* SceneDelegate.swift */,
				6A0C767A2AD5E20000D3EE89 /* TextChange.swift */,
				6A0BBF4A2AE02F0800BA1064 /* LoginViewController.swift */,
				6ACCBAC02ACE5D3A00DEE0ED /* ViewController.swift */,
				6ACCBAD32ACF6FD600DEE0ED /* PizzaViewController.swift */,
				6ACCBAC22ACE5D3A00DEE0ED /* Main.storyboard */,
				6ACCBAC82ACE5D3B00DEE0ED /* Assets.xcassets */,
				6ACCBACA2ACE5D3B00DEE0ED /* LaunchScreen.storyboard */,
				6ACCBACD2ACE5D3B00DEE0ED /* Info.plist */,
				6ACCBAC52ACE5D3A00DEE0ED /* CoronadoDaisy_HW5.xcdatamodeld */,
				6A0BBF522AE209ED00BA1064 /* GoogleService-Info.plist */,
			);
			path = "<Coronado><Daisy>-HW6";
			sourceTree = "<group>";
		};
/* End PBXGroup section */

/* Begin PBXNativeTarget section */
		6ACCBAB82ACE5D3A00DEE0ED /* <Coronado><Daisy>-HW6 */ = {
			isa = PBXNativeTarget;
			buildConfigurationList = 6ACCBAD02ACE5D3B00DEE0ED /* Build configuration list for PBXNativeTarget "<Coronado><Daisy>-HW6" */;
			buildPhases = (
				6ACCBAB52ACE5D3A00DEE0ED /* Sources */,
				6ACCBAB62ACE5D3A00DEE0ED /* Frameworks */,
				6ACCBAB72ACE5D3A00DEE0ED /* Resources */,
			);
			buildRules = (
			);
			dependencies = (
			);
			name = "<Coronado><Daisy>-HW6";
			packageProductDependencies = (
				6A0BBF552AE20C1B00BA1064 /* FirebaseAuth */,
			);
			productName = "CoronadoDaisy-HW5";
			productReference = 6ACCBAB92ACE5D3A00DEE0ED /* <Coronado><Daisy>-HW6.app */;
			productType = "com.apple.product-type.application";
		};
/* End PBXNativeTarget section */

/* Begin PBXProject section */
		6ACCBAB12ACE5D3A00DEE0ED /* Project object */ = {
			isa = PBXProject;
			attributes = {
				BuildIndependentTargetsInParallel = 1;
				LastSwiftUpdateCheck = 1430;
				LastUpgradeCheck = 1430;
				TargetAttributes = {
					6ACCBAB82ACE5D3A00DEE0ED = {
						CreatedOnToolsVersion = 14.3.1;
					};
				};
			};
			buildConfigurationList = 6ACCBAB42ACE5D3A00DEE0ED /* Build configuration list for PBXProject "<Coronado><Daisy>-HW6" */;
			compatibilityVersion = "Xcode 14.0";
			developmentRegion = en;
			hasScannedForEncodings = 0;
			knownRegions = (
				en,
				Base,
			);
			mainGroup = 6ACCBAB02ACE5D3A00DEE0ED;
			packageReferences = (
				6A0BBF542AE20C1B00BA1064 /* XCRemoteSwiftPackageReference "firebase-ios-sdk" */,
			);
			productRefGroup = 6ACCBABA2ACE5D3A00DEE0ED /* Products */;
			projectDirPath = "";
			projectRoot = "";
			targets = (
				6ACCBAB82ACE5D3A00DEE0ED /* <Coronado><Daisy>-HW6 */,
			);
		};
/* End PBXProject section */

/* Begin PBXResourcesBuildPhase section */
		6ACCBAB72ACE5D3A00DEE0ED /* Resources */ = {
			isa = PBXResourcesBuildPhase;
			buildActionMask = 2147483647;
			files = (
				6ACCBACC2ACE5D3B00DEE0ED /* LaunchScreen.storyboard in Resources */,
				6A0BBF532AE209ED00BA1064 /* GoogleService-Info.plist in Resources */,
				6ACCBAC92ACE5D3B00DEE0ED /* Assets.xcassets in Resources */,
				6ACCBAC42ACE5D3A00DEE0ED /* Main.storyboard in Resources */,
			);
			runOnlyForDeploymentPostprocessing = 0;
		};
/* End PBXResourcesBuildPhase section */

/* Begin PBXSourcesBuildPhase section */
		6ACCBAB52ACE5D3A00DEE0ED /* Sources */ = {
			isa = PBXSourcesBuildPhase;
			buildActionMask = 2147483647;
			files = (
				6A0BBF4B2AE02F0800BA1064 /* LoginViewController.swift in Sources */,
				6A0C767B2AD5E20000D3EE89 /* TextChange.swift in Sources */,
				6ACCBAD42ACF6FD600DEE0ED /* PizzaViewController.swift in Sources */,
				6ACCBAC72ACE5D3A00DEE0ED /* CoronadoDaisy_HW5.xcdatamodeld in Sources */,
				6ACCBAC12ACE5D3A00DEE0ED /* ViewController.swift in Sources */,
				6ACCBABD2ACE5D3A00DEE0ED /* AppDelegate.swift in Sources */,
				6ACCBABF2ACE5D3A00DEE0ED /* SceneDelegate.swift in Sources */,
			);
			runOnlyForDeploymentPostprocessing = 0;
		};
/* End PBXSourcesBuildPhase section */

/* Begin PBXVariantGroup section */
		6ACCBAC22ACE5D3A00DEE0ED /* Main.storyboard */ = {
			isa = PBXVariantGroup;
			children = (
				6ACCBAC32ACE5D3A00DEE0ED /* Base */,
			);
			name = Main.storyboard;
			sourceTree = "<group>";
		};
		6ACCBACA2ACE5D3B00DEE0ED /* LaunchScreen.storyboard */ = {
			isa = PBXVariantGroup;
			children = (
				6ACCBACB2ACE5D3B00DEE0ED /* Base */,
			);
			name = LaunchScreen.storyboard;
			sourceTree = "<group>";
		};
/* End PBXVariantGroup section */

/* Begin XCBuildConfiguration section */
		6ACCBACE2ACE5D3B00DEE0ED /* Debug */ = {
			isa = XCBuildConfiguration;
			buildSettings = {
				ALWAYS_SEARCH_USER_PATHS = NO;
				CLANG_ANALYZER_NONNULL = YES;
				CLANG_ANALYZER_NUMBER_OBJECT_CONVERSION = YES_AGGRESSIVE;
				CLANG_CXX_LANGUAGE_STANDARD = "gnu++20";
				CLANG_ENABLE_MODULES = YES;
				CLANG_ENABLE_OBJC_ARC = YES;
				CLANG_ENABLE_OBJC_WEAK = YES;
				CLANG_WARN_BLOCK_CAPTURE_AUTORELEASING = YES;
				CLANG_WARN_BOOL_CONVERSION = YES;
				CLANG_WARN_COMMA = YES;
				CLANG_WARN_CONSTANT_CONVERSION = YES;
				CLANG_WARN_DEPRECATED_OBJC_IMPLEMENTATIONS = YES;
				CLANG_WARN_DIRECT_OBJC_ISA_USAGE = YES_ERROR;
				CLANG_WARN_DOCUMENTATION_COMMENTS = YES;
				CLANG_WARN_EMPTY_BODY = YES;
				CLANG_WARN_ENUM_CONVERSION = YES;
				CLANG_WARN_INFINITE_RECURSION = YES;
				CLANG_WARN_INT_CONVERSION = YES;
				CLANG_WARN_NON_LITERAL_NULL_CONVERSION = YES;
				CLANG_WARN_OBJC_IMPLICIT_RETAIN_SELF = YES;
				CLANG_WARN_OBJC_LITERAL_CONVERSION = YES;
				CLANG_WARN_OBJC_ROOT_CLASS = YES_ERROR;
				CLANG_WARN_QUOTED_INCLUDE_IN_FRAMEWORK_HEADER = YES;
				CLANG_WARN_RANGE_LOOP_ANALYSIS = YES;
				CLANG_WARN_STRICT_PROTOTYPES = YES;
				CLANG_WARN_SUSPICIOUS_MOVE = YES;
				CLANG_WARN_UNGUARDED_AVAILABILITY = YES_AGGRESSIVE;
				CLANG_WARN_UNREACHABLE_CODE = YES;
				CLANG_WARN__DUPLICATE_METHOD_MATCH = YES;
				COPY_PHASE_STRIP = NO;
				DEBUG_INFORMATION_FORMAT = dwarf;
				ENABLE_STRICT_OBJC_MSGSEND = YES;
				ENABLE_TESTABILITY = YES;
				GCC_C_LANGUAGE_STANDARD = gnu11;
				GCC_DYNAMIC_NO_PIC = NO;
				GCC_NO_COMMON_BLOCKS = YES;
				GCC_OPTIMIZATION_LEVEL = 0;
				GCC_PREPROCESSOR_DEFINITIONS = (
					"DEBUG=1",
					"$(inherited)",
				);
				GCC_WARN_64_TO_32_BIT_CONVERSION = YES;
				GCC_WARN_ABOUT_RETURN_TYPE = YES_ERROR;
				GCC_WARN_UNDECLARED_SELECTOR = YES;
				GCC_WARN_UNINITIALIZED_AUTOS = YES_AGGRESSIVE;
				GCC_WARN_UNUSED_FUNCTION = YES;
				GCC_WARN_UNUSED_VARIABLE = YES;
				IPHONEOS_DEPLOYMENT_TARGET = 16.4;
				MTL_ENABLE_DEBUG_INFO = INCLUDE_SOURCE;
				MTL_FAST_MATH = YES;
				ONLY_ACTIVE_ARCH = YES;
				SDKROOT = iphoneos;
				SWIFT_ACTIVE_COMPILATION_CONDITIONS = DEBUG;
				SWIFT_OPTIMIZATION_LEVEL = "-Onone";
			};
			name = Debug;
		};
		6ACCBACF2ACE5D3B00DEE0ED /* Release */ = {
			isa = XCBuildConfiguration;
			buildSettings = {
				ALWAYS_SEARCH_USER_PATHS = NO;
				CLANG_ANALYZER_NONNULL = YES;
				CLANG_ANALYZER_NUMBER_OBJECT_CONVERSION = YES_AGGRESSIVE;
				CLANG_CXX_LANGUAGE_STANDARD = "gnu++20";
				CLANG_ENABLE_MODULES = YES;
				CLANG_ENABLE_OBJC_ARC = YES;
				CLANG_ENABLE_OBJC_WEAK = YES;
				CLANG_WARN_BLOCK_CAPTURE_AUTORELEASING = YES;
				CLANG_WARN_BOOL_CONVERSION = YES;
				CLANG_WARN_COMMA = YES;
				CLANG_WARN_CONSTANT_CONVERSION = YES;
				CLANG_WARN_DEPRECATED_OBJC_IMPLEMENTATIONS = YES;
				CLANG_WARN_DIRECT_OBJC_ISA_USAGE = YES_ERROR;
				CLANG_WARN_DOCUMENTATION_COMMENTS = YES;
				CLANG_WARN_EMPTY_BODY = YES;
				CLANG_WARN_ENUM_CONVERSION = YES;
				CLANG_WARN_INFINITE_RECURSION = YES;
				CLANG_WARN_INT_CONVERSION = YES;
				CLANG_WARN_NON_LITERAL_NULL_CONVERSION = YES;
				CLANG_WARN_OBJC_IMPLICIT_RETAIN_SELF = YES;
				CLANG_WARN_OBJC_LITERAL_CONVERSION = YES;
				CLANG_WARN_OBJC_ROOT_CLASS = YES_ERROR;
				CLANG_WARN_QUOTED_INCLUDE_IN_FRAMEWORK_HEADER = YES;
				CLANG_WARN_RANGE_LOOP_ANALYSIS = YES;
				CLANG_WARN_STRICT_PROTOTYPES = YES;
				CLANG_WARN_SUSPICIOUS_MOVE = YES;
				CLANG_WARN_UNGUARDED_AVAILABILITY = YES_AGGRESSIVE;
				CLANG_WARN_UNREACHABLE_CODE = YES;
				CLANG_WARN__DUPLICATE_METHOD_MATCH = YES;
				COPY_PHASE_STRIP = NO;
				DEBUG_INFORMATION_FORMAT = "dwarf-with-dsym";
				ENABLE_NS_ASSERTIONS = NO;
				ENABLE_STRICT_OBJC_MSGSEND = YES;
				GCC_C_LANGUAGE_STANDARD = gnu11;
				GCC_NO_COMMON_BLOCKS = YES;
				GCC_WARN_64_TO_32_BIT_CONVERSION = YES;
				GCC_WARN_ABOUT_RETURN_TYPE = YES_ERROR;
				GCC_WARN_UNDECLARED_SELECTOR = YES;
				GCC_WARN_UNINITIALIZED_AUTOS = YES_AGGRESSIVE;
				GCC_WARN_UNUSED_FUNCTION = YES;
				GCC_WARN_UNUSED_VARIABLE = YES;
				IPHONEOS_DEPLOYMENT_TARGET = 16.4;
				MTL_ENABLE_DEBUG_INFO = NO;
				MTL_FAST_MATH = YES;
				SDKROOT = iphoneos;
				SWIFT_COMPILATION_MODE = wholemodule;
				SWIFT_OPTIMIZATION_LEVEL = "-O";
				VALIDATE_PRODUCT = YES;
			};
			name = Release;
		};
		6ACCBAD12ACE5D3B00DEE0ED /* Debug */ = {
			isa = XCBuildConfiguration;
			buildSettings = {
				ASSETCATALOG_COMPILER_APPICON_NAME = AppIcon;
				ASSETCATALOG_COMPILER_GLOBAL_ACCENT_COLOR_NAME = AccentColor;
				CODE_SIGN_ENTITLEMENTS = "<Coronado><Daisy>-HW6/<Coronado><Daisy>-HW6.entitlements";
				CODE_SIGN_STYLE = Automatic;
				CURRENT_PROJECT_VERSION = 1;
				DEVELOPMENT_TEAM = DVP2AJD489;
				GENERATE_INFOPLIST_FILE = YES;
				INFOPLIST_FILE = "<Coronado><Daisy>-HW6/Info.plist";
				INFOPLIST_KEY_UIApplicationSupportsIndirectInputEvents = YES;
				INFOPLIST_KEY_UILaunchStoryboardName = LaunchScreen;
				INFOPLIST_KEY_UIMainStoryboardFile = Main;
				INFOPLIST_KEY_UISupportedInterfaceOrientations_iPad = "UIInterfaceOrientationPortrait UIInterfaceOrientationPortraitUpsideDown UIInterfaceOrientationLandscapeLeft UIInterfaceOrientationLandscapeRight";
				INFOPLIST_KEY_UISupportedInterfaceOrientations_iPhone = "UIInterfaceOrientationPortrait UIInterfaceOrientationLandscapeLeft UIInterfaceOrientationLandscapeRight";
				LD_RUNPATH_SEARCH_PATHS = (
					"$(inherited)",
					"@executable_path/Frameworks",
				);
				MARKETING_VERSION = 1.0;
				PRODUCT_BUNDLE_IDENTIFIER = "ut-anthro-Coronado--Daisy--HW6";
				PRODUCT_NAME = "$(TARGET_NAME)";
				SWIFT_EMIT_LOC_STRINGS = YES;
				SWIFT_VERSION = 5.0;
				TARGETED_DEVICE_FAMILY = "1,2";
			};
			name = Debug;
		};
		6ACCBAD22ACE5D3B00DEE0ED /* Release */ = {
			isa = XCBuildConfiguration;
			buildSettings = {
				ASSETCATALOG_COMPILER_APPICON_NAME = AppIcon;
				ASSETCATALOG_COMPILER_GLOBAL_ACCENT_COLOR_NAME = AccentColor;
				CODE_SIGN_ENTITLEMENTS = "<Coronado><Daisy>-HW6/<Coronado><Daisy>-HW6.entitlements";
				CODE_SIGN_STYLE = Automatic;
				CURRENT_PROJECT_VERSION = 1;
				DEVELOPMENT_TEAM = DVP2AJD489;
				GENERATE_INFOPLIST_FILE = YES;
				INFOPLIST_FILE = "<Coronado><Daisy>-HW6/Info.plist";
				INFOPLIST_KEY_UIApplicationSupportsIndirectInputEvents = YES;
				INFOPLIST_KEY_UILaunchStoryboardName = LaunchScreen;
				INFOPLIST_KEY_UIMainStoryboardFile = Main;
				INFOPLIST_KEY_UISupportedInterfaceOrientations_iPad = "UIInterfaceOrientationPortrait UIInterfaceOrientationPortraitUpsideDown UIInterfaceOrientationLandscapeLeft UIInterfaceOrientationLandscapeRight";
				INFOPLIST_KEY_UISupportedInterfaceOrientations_iPhone = "UIInterfaceOrientationPortrait UIInterfaceOrientationLandscapeLeft UIInterfaceOrientationLandscapeRight";
				LD_RUNPATH_SEARCH_PATHS = (
					"$(inherited)",
					"@executable_path/Frameworks",
				);
				MARKETING_VERSION = 1.0;
				PRODUCT_BUNDLE_IDENTIFIER = "ut-anthro-Coronado--Daisy--HW6";
				PRODUCT_NAME = "$(TARGET_NAME)";
				SWIFT_EMIT_LOC_STRINGS = YES;
				SWIFT_VERSION = 5.0;
				TARGETED_DEVICE_FAMILY = "1,2";
			};
			name = Release;
		};
/* End XCBuildConfiguration section */

/* Begin XCConfigurationList section */
		6ACCBAB42ACE5D3A00DEE0ED /* Build configuration list for PBXProject "<Coronado><Daisy>-HW6" */ = {
			isa = XCConfigurationList;
			buildConfigurations = (
				6ACCBACE2ACE5D3B00DEE0ED /* Debug */,
				6ACCBACF2ACE5D3B00DEE0ED /* Release */,
			);
			defaultConfigurationIsVisible = 0;
			defaultConfigurationName = Release;
		};
		6ACCBAD02ACE5D3B00DEE0ED /* Build configuration list for PBXNativeTarget "<Coronado><Daisy>-HW6" */ = {
			isa = XCConfigurationList;
			buildConfigurations = (
				6ACCBAD12ACE5D3B00DEE0ED /* Debug */,
				6ACCBAD22ACE5D3B00DEE0ED /* Release */,
			);
			defaultConfigurationIsVisible = 0;
			defaultConfigurationName = Release;
		};
/* End XCConfigurationList section */

/* Begin XCRemoteSwiftPackageReference section */
		6A0BBF542AE20C1B00BA1064 /* XCRemoteSwiftPackageReference "firebase-ios-sdk" */ = {
			isa = XCRemoteSwiftPackageReference;
			repositoryURL = "https://github.com/firebase/firebase-ios-sdk";
			requirement = {
				kind = upToNextMajorVersion;
				minimumVersion = 10.0.0;
			};
		};
/* End XCRemoteSwiftPackageReference section */

/* Begin XCSwiftPackageProductDependency section */
		6A0BBF552AE20C1B00BA1064 /* FirebaseAuth */ = {
			isa = XCSwiftPackageProductDependency;
			package = 6A0BBF542AE20C1B00BA1064 /* XCRemoteSwiftPackageReference "firebase-ios-sdk" */;
			productName = FirebaseAuth;
		};
/* End XCSwiftPackageProductDependency section */

/* Begin XCVersionGroup section */
		6ACCBAC52ACE5D3A00DEE0ED /* CoronadoDaisy_HW5.xcdatamodeld */ = {
			isa = XCVersionGroup;
			children = (
				6ACCBAC62ACE5D3A00DEE0ED /* CoronadoDaisy_HW5.xcdatamodel */,
			);
			currentVersion = 6ACCBAC62ACE5D3A00DEE0ED /* CoronadoDaisy_HW5.xcdatamodel */;
			path = CoronadoDaisy_HW5.xcdatamodeld;
			sourceTree = "<group>";
			versionGroupType = wrapper.xcdatamodel;
		};
/* End XCVersionGroup section */
	};
	rootObject = 6ACCBAB12ACE5D3A00DEE0ED /* Project object */;
}
