// !$*UTF8*$!
{
	archiveVersion = 1;
	classes = {
	};
	objectVersion = 56;
	objects = {

/* Begin PBXBuildFile section */
		6A669B5B2AE84FFB0009586D /* AppDelegate.swift in Sources */ = {isa = PBXBuildFile; fileRef = 6A669B5A2AE84FFB0009586D /* AppDelegate.swift */; };
		6A669B5D2AE84FFB0009586D /* SceneDelegate.swift in Sources */ = {isa = PBXBuildFile; fileRef = 6A669B5C2AE84FFB0009586D /* SceneDelegate.swift */; };
		6A669B5F2AE84FFB0009586D /* ViewController.swift in Sources */ = {isa = PBXBuildFile; fileRef = 6A669B5E2AE84FFB0009586D /* ViewController.swift */; };
		6A669B622AE84FFB0009586D /* Main.storyboard in Resources */ = {isa = PBXBuildFile; fileRef = 6A669B602AE84FFB0009586D /* Main.storyboard */; };
		6A669B642AE84FFD0009586D /* Assets.xcassets in Resources */ = {isa = PBXBuildFile; fileRef = 6A669B632AE84FFD0009586D /* Assets.xcassets */; };
		6A669B672AE84FFD0009586D /* LaunchScreen.storyboard in Resources */ = {isa = PBXBuildFile; fileRef = 6A669B652AE84FFD0009586D /* LaunchScreen.storyboard */; };
		6A669B6F2AE87C930009586D /* AddTimerViewController.swift in Sources */ = {isa = PBXBuildFile; fileRef = 6A669B6E2AE87C930009586D /* AddTimerViewController.swift */; };
		6A669B712AE87D1D0009586D /* CountdownViewController.swift in Sources */ = {isa = PBXBuildFile; fileRef = 6A669B702AE87D1D0009586D /* CountdownViewController.swift */; };
		6AB3D4432AEB2F77007774A8 /* AddTimer.swift in Sources */ = {isa = PBXBuildFile; fileRef = 6AB3D4422AEB2F77007774A8 /* AddTimer.swift */; };
		6AB3D4452AEB3037007774A8 /* Timer.swift in Sources */ = {isa = PBXBuildFile; fileRef = 6AB3D4442AEB3037007774A8 /* Timer.swift */; };
		6AB3D44B2AEC64A4007774A8 /* NewTimerTableViewCell.swift in Sources */ = {isa = PBXBuildFile; fileRef = 6AB3D44A2AEC64A4007774A8 /* NewTimerTableViewCell.swift */; };
		6AD7684C2AEF737D0026FB8A /* NewTime.swift in Sources */ = {isa = PBXBuildFile; fileRef = 6AD7684B2AEF737D0026FB8A /* NewTime.swift */; };
/* End PBXBuildFile section */

/* Begin PBXFileReference section */
		6A669B572AE84FFB0009586D /* <Coronado><Daisy>-HW7.app */ = {isa = PBXFileReference; explicitFileType = wrapper.application; includeInIndex = 0; path = "<Coronado><Daisy>-HW7.app"; sourceTree = BUILT_PRODUCTS_DIR; };
		6A669B5A2AE84FFB0009586D /* AppDelegate.swift */ = {isa = PBXFileReference; lastKnownFileType = sourcecode.swift; path = AppDelegate.swift; sourceTree = "<group>"; };
		6A669B5C2AE84FFB0009586D /* SceneDelegate.swift */ = {isa = PBXFileReference; lastKnownFileType = sourcecode.swift; path = SceneDelegate.swift; sourceTree = "<group>"; };
		6A669B5E2AE84FFB0009586D /* ViewController.swift */ = {isa = PBXFileReference; lastKnownFileType = sourcecode.swift; path = ViewController.swift; sourceTree = "<group>"; };
		6A669B612AE84FFB0009586D /* Base */ = {isa = PBXFileReference; lastKnownFileType = file.storyboard; name = Base; path = Base.lproj/Main.storyboard; sourceTree = "<group>"; };
		6A669B632AE84FFD0009586D /* Assets.xcassets */ = {isa = PBXFileReference; lastKnownFileType = folder.assetcatalog; path = Assets.xcassets; sourceTree = "<group>"; };
		6A669B662AE84FFD0009586D /* Base */ = {isa = PBXFileReference; lastKnownFileType = file.storyboard; name = Base; path = Base.lproj/LaunchScreen.storyboard; sourceTree = "<group>"; };
		6A669B682AE84FFD0009586D /* Info.plist */ = {isa = PBXFileReference; lastKnownFileType = text.plist.xml; path = Info.plist; sourceTree = "<group>"; };
		6A669B6E2AE87C930009586D /* AddTimerViewController.swift */ = {isa = PBXFileReference; lastKnownFileType = sourcecode.swift; path = AddTimerViewController.swift; sourceTree = "<group>"; };
		6A669B702AE87D1D0009586D /* CountdownViewController.swift */ = {isa = PBXFileReference; lastKnownFileType = sourcecode.swift; path = CountdownViewController.swift; sourceTree = "<group>"; };
		6AB3D4422AEB2F77007774A8 /* AddTimer.swift */ = {isa = PBXFileReference; lastKnownFileType = sourcecode.swift; path = AddTimer.swift; sourceTree = "<group>"; };
		6AB3D4442AEB3037007774A8 /* Timer.swift */ = {isa = PBXFileReference; lastKnownFileType = sourcecode.swift; path = Timer.swift; sourceTree = "<group>"; };
		6AB3D44A2AEC64A4007774A8 /* NewTimerTableViewCell.swift */ = {isa = PBXFileReference; lastKnownFileType = sourcecode.swift; path = NewTimerTableViewCell.swift; sourceTree = "<group>"; };
		6AD7684B2AEF737D0026FB8A /* NewTime.swift */ = {isa = PBXFileReference; lastKnownFileType = sourcecode.swift; path = NewTime.swift; sourceTree = "<group>"; };
/* End PBXFileReference section */

/* Begin PBXFrameworksBuildPhase section */
		6A669B542AE84FFB0009586D /* Frameworks */ = {
			isa = PBXFrameworksBuildPhase;
			buildActionMask = 2147483647;
			files = (
			);
			runOnlyForDeploymentPostprocessing = 0;
		};
/* End PBXFrameworksBuildPhase section */

/* Begin PBXGroup section */
		6A669B4E2AE84FFB0009586D = {
			isa = PBXGroup;
			children = (
				6A669B592AE84FFB0009586D /* <Coronado><Daisy>-HW7 */,
				6A669B582AE84FFB0009586D /* Products */,
			);
			sourceTree = "<group>";
		};
		6A669B582AE84FFB0009586D /* Products */ = {
			isa = PBXGroup;
			children = (
				6A669B572AE84FFB0009586D /* <Coronado><Daisy>-HW7.app */,
			);
			name = Products;
			sourceTree = "<group>";
		};
		6A669B592AE84FFB0009586D /* <Coronado><Daisy>-HW7 */ = {
			isa = PBXGroup;
			children = (
				6A669B5A2AE84FFB0009586D /* AppDelegate.swift */,
				6A669B5C2AE84FFB0009586D /* SceneDelegate.swift */,
				6AB3D4422AEB2F77007774A8 /* AddTimer.swift */,
				6AD7684B2AEF737D0026FB8A /* NewTime.swift */,
				6AB3D4442AEB3037007774A8 /* Timer.swift */,
				6AB3D44A2AEC64A4007774A8 /* NewTimerTableViewCell.swift */,
				6A669B5E2AE84FFB0009586D /* ViewController.swift */,
				6A669B6E2AE87C930009586D /* AddTimerViewController.swift */,
				6A669B702AE87D1D0009586D /* CountdownViewController.swift */,
				6A669B602AE84FFB0009586D /* Main.storyboard */,
				6A669B632AE84FFD0009586D /* Assets.xcassets */,
				6A669B652AE84FFD0009586D /* LaunchScreen.storyboard */,
				6A669B682AE84FFD0009586D /* Info.plist */,
			);
			path = "<Coronado><Daisy>-HW7";
			sourceTree = "<group>";
		};
/* End PBXGroup section */

/* Begin PBXNativeTarget section */
		6A669B562AE84FFB0009586D /* <Coronado><Daisy>-HW7 */ = {
			isa = PBXNativeTarget;
			buildConfigurationList = 6A669B6B2AE84FFD0009586D /* Build configuration list for PBXNativeTarget "<Coronado><Daisy>-HW7" */;
			buildPhases = (
				6A669B532AE84FFB0009586D /* Sources */,
				6A669B542AE84FFB0009586D /* Frameworks */,
				6A669B552AE84FFB0009586D /* Resources */,
			);
			buildRules = (
			);
			dependencies = (
			);
			name = "<Coronado><Daisy>-HW7";
			productName = "<Coronado><Daisy>-HW7";
			productReference = 6A669B572AE84FFB0009586D /* <Coronado><Daisy>-HW7.app */;
			productType = "com.apple.product-type.application";
		};
/* End PBXNativeTarget section */

/* Begin PBXProject section */
		6A669B4F2AE84FFB0009586D /* Project object */ = {
			isa = PBXProject;
			attributes = {
				BuildIndependentTargetsInParallel = 1;
				LastSwiftUpdateCheck = 1430;
				LastUpgradeCheck = 1430;
				TargetAttributes = {
					6A669B562AE84FFB0009586D = {
						CreatedOnToolsVersion = 14.3.1;
					};
				};
			};
			buildConfigurationList = 6A669B522AE84FFB0009586D /* Build configuration list for PBXProject "<Coronado><Daisy>-HW7" */;
			compatibilityVersion = "Xcode 14.0";
			developmentRegion = en;
			hasScannedForEncodings = 0;
			knownRegions = (
				en,
				Base,
			);
			mainGroup = 6A669B4E2AE84FFB0009586D;
			productRefGroup = 6A669B582AE84FFB0009586D /* Products */;
			projectDirPath = "";
			projectRoot = "";
			targets = (
				6A669B562AE84FFB0009586D /* <Coronado><Daisy>-HW7 */,
			);
		};
/* End PBXProject section */

/* Begin PBXResourcesBuildPhase section */
		6A669B552AE84FFB0009586D /* Resources */ = {
			isa = PBXResourcesBuildPhase;
			buildActionMask = 2147483647;
			files = (
				6A669B672AE84FFD0009586D /* LaunchScreen.storyboard in Resources */,
				6A669B642AE84FFD0009586D /* Assets.xcassets in Resources */,
				6A669B622AE84FFB0009586D /* Main.storyboard in Resources */,
			);
			runOnlyForDeploymentPostprocessing = 0;
		};
/* End PBXResourcesBuildPhase section */

/* Begin PBXSourcesBuildPhase section */
		6A669B532AE84FFB0009586D /* Sources */ = {
			isa = PBXSourcesBuildPhase;
			buildActionMask = 2147483647;
			files = (
				6A669B6F2AE87C930009586D /* AddTimerViewController.swift in Sources */,
				6AD7684C2AEF737D0026FB8A /* NewTime.swift in Sources */,
				6A669B712AE87D1D0009586D /* CountdownViewController.swift in Sources */,
				6AB3D4452AEB3037007774A8 /* Timer.swift in Sources */,
				6A669B5F2AE84FFB0009586D /* ViewController.swift in Sources */,
				6AB3D44B2AEC64A4007774A8 /* NewTimerTableViewCell.swift in Sources */,
				6AB3D4432AEB2F77007774A8 /* AddTimer.swift in Sources */,
				6A669B5B2AE84FFB0009586D /* AppDelegate.swift in Sources */,
				6A669B5D2AE84FFB0009586D /* SceneDelegate.swift in Sources */,
			);
			runOnlyForDeploymentPostprocessing = 0;
		};
/* End PBXSourcesBuildPhase section */

/* Begin PBXVariantGroup section */
		6A669B602AE84FFB0009586D /* Main.storyboard */ = {
			isa = PBXVariantGroup;
			children = (
				6A669B612AE84FFB0009586D /* Base */,
			);
			name = Main.storyboard;
			sourceTree = "<group>";
		};
		6A669B652AE84FFD0009586D /* LaunchScreen.storyboard */ = {
			isa = PBXVariantGroup;
			children = (
				6A669B662AE84FFD0009586D /* Base */,
			);
			name = LaunchScreen.storyboard;
			sourceTree = "<group>";
		};
/* End PBXVariantGroup section */

/* Begin XCBuildConfiguration section */
		6A669B692AE84FFD0009586D /* Debug */ = {
			isa = XCBuildConfiguration;
			buildSettings = {
				ALWAYS_SEARCH_USER_PATHS = NO;
				CLANG_ANALYZER_NONNULL = YES;
				CLANG_ANALYZER_NUMBER_OBJECT_CONVERSION = YES_AGGRESSIVE;
				CLANG_CXX_LANGUAGE_STANDARD = "gnu++20";
				CLANG_ENABLE_MODULES = YES;
				CLANG_ENABLE_OBJC_ARC = YES;
				CLANG_ENABLE_OBJC_WEAK = YES;
				CLANG_WARN_BLOCK_CAPTURE_AUTORELEASING = YES;
				CLANG_WARN_BOOL_CONVERSION = YES;
				CLANG_WARN_COMMA = YES;
				CLANG_WARN_CONSTANT_CONVERSION = YES;
				CLANG_WARN_DEPRECATED_OBJC_IMPLEMENTATIONS = YES;
				CLANG_WARN_DIRECT_OBJC_ISA_USAGE = YES_ERROR;
				CLANG_WARN_DOCUMENTATION_COMMENTS = YES;
				CLANG_WARN_EMPTY_BODY = YES;
				CLANG_WARN_ENUM_CONVERSION = YES;
				CLANG_WARN_INFINITE_RECURSION = YES;
				CLANG_WARN_INT_CONVERSION = YES;
				CLANG_WARN_NON_LITERAL_NULL_CONVERSION = YES;
				CLANG_WARN_OBJC_IMPLICIT_RETAIN_SELF = YES;
				CLANG_WARN_OBJC_LITERAL_CONVERSION = YES;
				CLANG_WARN_OBJC_ROOT_CLASS = YES_ERROR;
				CLANG_WARN_QUOTED_INCLUDE_IN_FRAMEWORK_HEADER = YES;
				CLANG_WARN_RANGE_LOOP_ANALYSIS = YES;
				CLANG_WARN_STRICT_PROTOTYPES = YES;
				CLANG_WARN_SUSPICIOUS_MOVE = YES;
				CLANG_WARN_UNGUARDED_AVAILABILITY = YES_AGGRESSIVE;
				CLANG_WARN_UNREACHABLE_CODE = YES;
				CLANG_WARN__DUPLICATE_METHOD_MATCH = YES;
				COPY_PHASE_STRIP = NO;
				DEBUG_INFORMATION_FORMAT = dwarf;
				ENABLE_STRICT_OBJC_MSGSEND = YES;
				ENABLE_TESTABILITY = YES;
				GCC_C_LANGUAGE_STANDARD = gnu11;
				GCC_DYNAMIC_NO_PIC = NO;
				GCC_NO_COMMON_BLOCKS = YES;
				GCC_OPTIMIZATION_LEVEL = 0;
				GCC_PREPROCESSOR_DEFINITIONS = (
					"DEBUG=1",
					"$(inherited)",
				);
				GCC_WARN_64_TO_32_BIT_CONVERSION = YES;
				GCC_WARN_ABOUT_RETURN_TYPE = YES_ERROR;
				GCC_WARN_UNDECLARED_SELECTOR = YES;
				GCC_WARN_UNINITIALIZED_AUTOS = YES_AGGRESSIVE;
				GCC_WARN_UNUSED_FUNCTION = YES;
				GCC_WARN_UNUSED_VARIABLE = YES;
				IPHONEOS_DEPLOYMENT_TARGET = 16.4;
				MTL_ENABLE_DEBUG_INFO = INCLUDE_SOURCE;
				MTL_FAST_MATH = YES;
				ONLY_ACTIVE_ARCH = YES;
				SDKROOT = iphoneos;
				SWIFT_ACTIVE_COMPILATION_CONDITIONS = DEBUG;
				SWIFT_OPTIMIZATION_LEVEL = "-Onone";
			};
			name = Debug;
		};
		6A669B6A2AE84FFD0009586D /* Release */ = {
			isa = XCBuildConfiguration;
			buildSettings = {
				ALWAYS_SEARCH_USER_PATHS = NO;
				CLANG_ANALYZER_NONNULL = YES;
				CLANG_ANALYZER_NUMBER_OBJECT_CONVERSION = YES_AGGRESSIVE;
				CLANG_CXX_LANGUAGE_STANDARD = "gnu++20";
				CLANG_ENABLE_MODULES = YES;
				CLANG_ENABLE_OBJC_ARC = YES;
				CLANG_ENABLE_OBJC_WEAK = YES;
				CLANG_WARN_BLOCK_CAPTURE_AUTORELEASING = YES;
				CLANG_WARN_BOOL_CONVERSION = YES;
				CLANG_WARN_COMMA = YES;
				CLANG_WARN_CONSTANT_CONVERSION = YES;
				CLANG_WARN_DEPRECATED_OBJC_IMPLEMENTATIONS = YES;
				CLANG_WARN_DIRECT_OBJC_ISA_USAGE = YES_ERROR;
				CLANG_WARN_DOCUMENTATION_COMMENTS = YES;
				CLANG_WARN_EMPTY_BODY = YES;
				CLANG_WARN_ENUM_CONVERSION = YES;
				CLANG_WARN_INFINITE_RECURSION = YES;
				CLANG_WARN_INT_CONVERSION = YES;
				CLANG_WARN_NON_LITERAL_NULL_CONVERSION = YES;
				CLANG_WARN_OBJC_IMPLICIT_RETAIN_SELF = YES;
				CLANG_WARN_OBJC_LITERAL_CONVERSION = YES;
				CLANG_WARN_OBJC_ROOT_CLASS = YES_ERROR;
				CLANG_WARN_QUOTED_INCLUDE_IN_FRAMEWORK_HEADER = YES;
				CLANG_WARN_RANGE_LOOP_ANALYSIS = YES;
				CLANG_WARN_STRICT_PROTOTYPES = YES;
				CLANG_WARN_SUSPICIOUS_MOVE = YES;
				CLANG_WARN_UNGUARDED_AVAILABILITY = YES_AGGRESSIVE;
				CLANG_WARN_UNREACHABLE_CODE = YES;
				CLANG_WARN__DUPLICATE_METHOD_MATCH = YES;
				COPY_PHASE_STRIP = NO;
				DEBUG_INFORMATION_FORMAT = "dwarf-with-dsym";
				ENABLE_NS_ASSERTIONS = NO;
				ENABLE_STRICT_OBJC_MSGSEND = YES;
				GCC_C_LANGUAGE_STANDARD = gnu11;
				GCC_NO_COMMON_BLOCKS = YES;
				GCC_WARN_64_TO_32_BIT_CONVERSION = YES;
				GCC_WARN_ABOUT_RETURN_TYPE = YES_ERROR;
				GCC_WARN_UNDECLARED_SELECTOR = YES;
				GCC_WARN_UNINITIALIZED_AUTOS = YES_AGGRESSIVE;
				GCC_WARN_UNUSED_FUNCTION = YES;
				GCC_WARN_UNUSED_VARIABLE = YES;
				IPHONEOS_DEPLOYMENT_TARGET = 16.4;
				MTL_ENABLE_DEBUG_INFO = NO;
				MTL_FAST_MATH = YES;
				SDKROOT = iphoneos;
				SWIFT_COMPILATION_MODE = wholemodule;
				SWIFT_OPTIMIZATION_LEVEL = "-O";
				VALIDATE_PRODUCT = YES;
			};
			name = Release;
		};
		6A669B6C2AE84FFD0009586D /* Debug */ = {
			isa = XCBuildConfiguration;
			buildSettings = {
				ASSETCATALOG_COMPILER_APPICON_NAME = AppIcon;
				ASSETCATALOG_COMPILER_GLOBAL_ACCENT_COLOR_NAME = AccentColor;
				CODE_SIGN_STYLE = Automatic;
				CURRENT_PROJECT_VERSION = 1;
				DEVELOPMENT_TEAM = DVP2AJD489;
				GENERATE_INFOPLIST_FILE = YES;
				INFOPLIST_FILE = "<Coronado><Daisy>-HW7/Info.plist";
				INFOPLIST_KEY_UIApplicationSupportsIndirectInputEvents = YES;
				INFOPLIST_KEY_UILaunchStoryboardName = LaunchScreen;
				INFOPLIST_KEY_UIMainStoryboardFile = Main;
				INFOPLIST_KEY_UISupportedInterfaceOrientations_iPad = "UIInterfaceOrientationPortrait UIInterfaceOrientationPortraitUpsideDown UIInterfaceOrientationLandscapeLeft UIInterfaceOrientationLandscapeRight";
				INFOPLIST_KEY_UISupportedInterfaceOrientations_iPhone = "UIInterfaceOrientationPortrait UIInterfaceOrientationLandscapeLeft UIInterfaceOrientationLandscapeRight";
				LD_RUNPATH_SEARCH_PATHS = (
					"$(inherited)",
					"@executable_path/Frameworks",
				);
				MARKETING_VERSION = 1.0;
				PRODUCT_BUNDLE_IDENTIFIER = "ut-anthro.-Coronado--Daisy--HW7";
				PRODUCT_NAME = "$(TARGET_NAME)";
				SWIFT_EMIT_LOC_STRINGS = YES;
				SWIFT_VERSION = 5.0;
				TARGETED_DEVICE_FAMILY = "1,2";
			};
			name = Debug;
		};
		6A669B6D2AE84FFD0009586D /* Release */ = {
			isa = XCBuildConfiguration;
			buildSettings = {
				ASSETCATALOG_COMPILER_APPICON_NAME = AppIcon;
				ASSETCATALOG_COMPILER_GLOBAL_ACCENT_COLOR_NAME = AccentColor;
				CODE_SIGN_STYLE = Automatic;
				CURRENT_PROJECT_VERSION = 1;
				DEVELOPMENT_TEAM = DVP2AJD489;
				GENERATE_INFOPLIST_FILE = YES;
				INFOPLIST_FILE = "<Coronado><Daisy>-HW7/Info.plist";
				INFOPLIST_KEY_UIApplicationSupportsIndirectInputEvents = YES;
				INFOPLIST_KEY_UILaunchStoryboardName = LaunchScreen;
				INFOPLIST_KEY_UIMainStoryboardFile = Main;
				INFOPLIST_KEY_UISupportedInterfaceOrientations_iPad = "UIInterfaceOrientationPortrait UIInterfaceOrientationPortraitUpsideDown UIInterfaceOrientationLandscapeLeft UIInterfaceOrientationLandscapeRight";
				INFOPLIST_KEY_UISupportedInterfaceOrientations_iPhone = "UIInterfaceOrientationPortrait UIInterfaceOrientationLandscapeLeft UIInterfaceOrientationLandscapeRight";
				LD_RUNPATH_SEARCH_PATHS = (
					"$(inherited)",
					"@executable_path/Frameworks",
				);
				MARKETING_VERSION = 1.0;
				PRODUCT_BUNDLE_IDENTIFIER = "ut-anthro.-Coronado--Daisy--HW7";
				PRODUCT_NAME = "$(TARGET_NAME)";
				SWIFT_EMIT_LOC_STRINGS = YES;
				SWIFT_VERSION = 5.0;
				TARGETED_DEVICE_FAMILY = "1,2";
			};
			name = Release;
		};
/* End XCBuildConfiguration section */

/* Begin XCConfigurationList section */
		6A669B522AE84FFB0009586D /* Build configuration list for PBXProject "<Coronado><Daisy>-HW7" */ = {
			isa = XCConfigurationList;
			buildConfigurations = (
				6A669B692AE84FFD0009586D /* Debug */,
				6A669B6A2AE84FFD0009586D /* Release */,
			);
			defaultConfigurationIsVisible = 0;
			defaultConfigurationName = Release;
		};
		6A669B6B2AE84FFD0009586D /* Build configuration list for PBXNativeTarget "<Coronado><Daisy>-HW7" */ = {
			isa = XCConfigurationList;
			buildConfigurations = (
				6A669B6C2AE84FFD0009586D /* Debug */,
				6A669B6D2AE84FFD0009586D /* Release */,
			);
			defaultConfigurationIsVisible = 0;
			defaultConfigurationName = Release;
		};
/* End XCConfigurationList section */
	};
	rootObject = 6A669B4F2AE84FFB0009586D /* Project object */;
}
