// !$*UTF8*$!
{
	archiveVersion = 1;
	classes = {
	};
	objectVersion = 56;
	objects = {

/* Begin PBXBuildFile section */
		6A8F05172B1ADEC800C2A2B9 /* DetailViewController.swift in Sources */ = {isa = PBXBuildFile; fileRef = 6A8F05162B1ADEC800C2A2B9 /* DetailViewController.swift */; };
		6A8F05192B1AE26900C2A2B9 /* CollectionViewCell.swift in Sources */ = {isa = PBXBuildFile; fileRef = 6A8F05182B1AE26900C2A2B9 /* CollectionViewCell.swift */; };
		6ACDB8A32B16FC78001AB6D2 /* AppDelegate.swift in Sources */ = {isa = PBXBuildFile; fileRef = 6ACDB8A22B16FC78001AB6D2 /* AppDelegate.swift */; };
		6ACDB8A52B16FC78001AB6D2 /* SceneDelegate.swift in Sources */ = {isa = PBXBuildFile; fileRef = 6ACDB8A42B16FC78001AB6D2 /* SceneDelegate.swift */; };
		6ACDB8A72B16FC78001AB6D2 /* ViewController.swift in Sources */ = {isa = PBXBuildFile; fileRef = 6ACDB8A62B16FC78001AB6D2 /* ViewController.swift */; };
		6ACDB8AA2B16FC78001AB6D2 /* Main.storyboard in Resources */ = {isa = PBXBuildFile; fileRef = 6ACDB8A82B16FC78001AB6D2 /* Main.storyboard */; };
		6ACDB8AC2B16FC7A001AB6D2 /* Assets.xcassets in Resources */ = {isa = PBXBuildFile; fileRef = 6ACDB8AB2B16FC7A001AB6D2 /* Assets.xcassets */; };
		6ACDB8AF2B16FC7A001AB6D2 /* LaunchScreen.storyboard in Resources */ = {isa = PBXBuildFile; fileRef = 6ACDB8AD2B16FC7A001AB6D2 /* LaunchScreen.storyboard */; };
/* End PBXBuildFile section */

/* Begin PBXFileReference section */
		6A8F05162B1ADEC800C2A2B9 /* DetailViewController.swift */ = {isa = PBXFileReference; lastKnownFileType = sourcecode.swift; path = DetailViewController.swift; sourceTree = "<group>"; };
		6A8F05182B1AE26900C2A2B9 /* CollectionViewCell.swift */ = {isa = PBXFileReference; lastKnownFileType = sourcecode.swift; path = CollectionViewCell.swift; sourceTree = "<group>"; };
		6ACDB89F2B16FC78001AB6D2 /* <Coronado><Daisy>-HW10.app */ = {isa = PBXFileReference; explicitFileType = wrapper.application; includeInIndex = 0; path = "<Coronado><Daisy>-HW10.app"; sourceTree = BUILT_PRODUCTS_DIR; };
		6ACDB8A22B16FC78001AB6D2 /* AppDelegate.swift */ = {isa = PBXFileReference; lastKnownFileType = sourcecode.swift; path = AppDelegate.swift; sourceTree = "<group>"; };
		6ACDB8A42B16FC78001AB6D2 /* SceneDelegate.swift */ = {isa = PBXFileReference; lastKnownFileType = sourcecode.swift; path = SceneDelegate.swift; sourceTree = "<group>"; };
		6ACDB8A62B16FC78001AB6D2 /* ViewController.swift */ = {isa = PBXFileReference; lastKnownFileType = sourcecode.swift; path = ViewController.swift; sourceTree = "<group>"; };
		6ACDB8A92B16FC78001AB6D2 /* Base */ = {isa = PBXFileReference; lastKnownFileType = file.storyboard; name = Base; path = Base.lproj/Main.storyboard; sourceTree = "<group>"; };
		6ACDB8AB2B16FC7A001AB6D2 /* Assets.xcassets */ = {isa = PBXFileReference; lastKnownFileType = folder.assetcatalog; path = Assets.xcassets; sourceTree = "<group>"; };
		6ACDB8AE2B16FC7A001AB6D2 /* Base */ = {isa = PBXFileReference; lastKnownFileType = file.storyboard; name = Base; path = Base.lproj/LaunchScreen.storyboard; sourceTree = "<group>"; };
		6ACDB8B02B16FC7A001AB6D2 /* Info.plist */ = {isa = PBXFileReference; lastKnownFileType = text.plist.xml; path = Info.plist; sourceTree = "<group>"; };
/* End PBXFileReference section */

/* Begin PBXFrameworksBuildPhase section */
		6ACDB89C2B16FC78001AB6D2 /* Frameworks */ = {
			isa = PBXFrameworksBuildPhase;
			buildActionMask = 2147483647;
			files = (
			);
			runOnlyForDeploymentPostprocessing = 0;
		};
/* End PBXFrameworksBuildPhase section */

/* Begin PBXGroup section */
		6ACDB8962B16FC78001AB6D2 = {
			isa = PBXGroup;
			children = (
				6ACDB8A12B16FC78001AB6D2 /* <Coronado><Daisy>-HW10 */,
				6ACDB8A02B16FC78001AB6D2 /* Products */,
			);
			sourceTree = "<group>";
		};
		6ACDB8A02B16FC78001AB6D2 /* Products */ = {
			isa = PBXGroup;
			children = (
				6ACDB89F2B16FC78001AB6D2 /* <Coronado><Daisy>-HW10.app */,
			);
			name = Products;
			sourceTree = "<group>";
		};
		6ACDB8A12B16FC78001AB6D2 /* <Coronado><Daisy>-HW10 */ = {
			isa = PBXGroup;
			children = (
				6ACDB8A22B16FC78001AB6D2 /* AppDelegate.swift */,
				6ACDB8A42B16FC78001AB6D2 /* SceneDelegate.swift */,
				6ACDB8A62B16FC78001AB6D2 /* ViewController.swift */,
				6A8F05162B1ADEC800C2A2B9 /* DetailViewController.swift */,
				6A8F05182B1AE26900C2A2B9 /* CollectionViewCell.swift */,
				6ACDB8A82B16FC78001AB6D2 /* Main.storyboard */,
				6ACDB8AB2B16FC7A001AB6D2 /* Assets.xcassets */,
				6ACDB8AD2B16FC7A001AB6D2 /* LaunchScreen.storyboard */,
				6ACDB8B02B16FC7A001AB6D2 /* Info.plist */,
			);
			path = "<Coronado><Daisy>-HW10";
			sourceTree = "<group>";
		};
/* End PBXGroup section */

/* Begin PBXNativeTarget section */
		6ACDB89E2B16FC78001AB6D2 /* <Coronado><Daisy>-HW10 */ = {
			isa = PBXNativeTarget;
			buildConfigurationList = 6ACDB8B32B16FC7A001AB6D2 /* Build configuration list for PBXNativeTarget "<Coronado><Daisy>-HW10" */;
			buildPhases = (
				6ACDB89B2B16FC78001AB6D2 /* Sources */,
				6ACDB89C2B16FC78001AB6D2 /* Frameworks */,
				6ACDB89D2B16FC78001AB6D2 /* Resources */,
			);
			buildRules = (
			);
			dependencies = (
			);
			name = "<Coronado><Daisy>-HW10";
			productName = "<Coronado><Daisy>-HW10";
			productReference = 6ACDB89F2B16FC78001AB6D2 /* <Coronado><Daisy>-HW10.app */;
			productType = "com.apple.product-type.application";
		};
/* End PBXNativeTarget section */

/* Begin PBXProject section */
		6ACDB8972B16FC78001AB6D2 /* Project object */ = {
			isa = PBXProject;
			attributes = {
				BuildIndependentTargetsInParallel = 1;
				LastSwiftUpdateCheck = 1500;
				LastUpgradeCheck = 1500;
				TargetAttributes = {
					6ACDB89E2B16FC78001AB6D2 = {
						CreatedOnToolsVersion = 15.0.1;
					};
				};
			};
			buildConfigurationList = 6ACDB89A2B16FC78001AB6D2 /* Build configuration list for PBXProject "<Coronado><Daisy>-HW10" */;
			compatibilityVersion = "Xcode 14.0";
			developmentRegion = en;
			hasScannedForEncodings = 0;
			knownRegions = (
				en,
				Base,
			);
			mainGroup = 6ACDB8962B16FC78001AB6D2;
			productRefGroup = 6ACDB8A02B16FC78001AB6D2 /* Products */;
			projectDirPath = "";
			projectRoot = "";
			targets = (
				6ACDB89E2B16FC78001AB6D2 /* <Coronado><Daisy>-HW10 */,
			);
		};
/* End PBXProject section */

/* Begin PBXResourcesBuildPhase section */
		6ACDB89D2B16FC78001AB6D2 /* Resources */ = {
			isa = PBXResourcesBuildPhase;
			buildActionMask = 2147483647;
			files = (
				6ACDB8AF2B16FC7A001AB6D2 /* LaunchScreen.storyboard in Resources */,
				6ACDB8AC2B16FC7A001AB6D2 /* Assets.xcassets in Resources */,
				6ACDB8AA2B16FC78001AB6D2 /* Main.storyboard in Resources */,
			);
			runOnlyForDeploymentPostprocessing = 0;
		};
/* End PBXResourcesBuildPhase section */

/* Begin PBXSourcesBuildPhase section */
		6ACDB89B2B16FC78001AB6D2 /* Sources */ = {
			isa = PBXSourcesBuildPhase;
			buildActionMask = 2147483647;
			files = (
				6A8F05192B1AE26900C2A2B9 /* CollectionViewCell.swift in Sources */,
				6ACDB8A72B16FC78001AB6D2 /* ViewController.swift in Sources */,
				6ACDB8A32B16FC78001AB6D2 /* AppDelegate.swift in Sources */,
				6ACDB8A52B16FC78001AB6D2 /* SceneDelegate.swift in Sources */,
				6A8F05172B1ADEC800C2A2B9 /* DetailViewController.swift in Sources */,
			);
			runOnlyForDeploymentPostprocessing = 0;
		};
/* End PBXSourcesBuildPhase section */

/* Begin PBXVariantGroup section */
		6ACDB8A82B16FC78001AB6D2 /* Main.storyboard */ = {
			isa = PBXVariantGroup;
			children = (
				6ACDB8A92B16FC78001AB6D2 /* Base */,
			);
			name = Main.storyboard;
			sourceTree = "<group>";
		};
		6ACDB8AD2B16FC7A001AB6D2 /* LaunchScreen.storyboard */ = {
			isa = PBXVariantGroup;
			children = (
				6ACDB8AE2B16FC7A001AB6D2 /* Base */,
			);
			name = LaunchScreen.storyboard;
			sourceTree = "<group>";
		};
/* End PBXVariantGroup section */

/* Begin XCBuildConfiguration section */
		6ACDB8B12B16FC7A001AB6D2 /* Debug */ = {
			isa = XCBuildConfiguration;
			buildSettings = {
				ALWAYS_SEARCH_USER_PATHS = NO;
				ASSETCATALOG_COMPILER_GENERATE_SWIFT_ASSET_SYMBOL_EXTENSIONS = YES;
				CLANG_ANALYZER_NONNULL = YES;
				CLANG_ANALYZER_NUMBER_OBJECT_CONVERSION = YES_AGGRESSIVE;
				CLANG_CXX_LANGUAGE_STANDARD = "gnu++20";
				CLANG_ENABLE_MODULES = YES;
				CLANG_ENABLE_OBJC_ARC = YES;
				CLANG_ENABLE_OBJC_WEAK = YES;
				CLANG_WARN_BLOCK_CAPTURE_AUTORELEASING = YES;
				CLANG_WARN_BOOL_CONVERSION = YES;
				CLANG_WARN_COMMA = YES;
				CLANG_WARN_CONSTANT_CONVERSION = YES;
				CLANG_WARN_DEPRECATED_OBJC_IMPLEMENTATIONS = YES;
				CLANG_WARN_DIRECT_OBJC_ISA_USAGE = YES_ERROR;
				CLANG_WARN_DOCUMENTATION_COMMENTS = YES;
				CLANG_WARN_EMPTY_BODY = YES;
				CLANG_WARN_ENUM_CONVERSION = YES;
				CLANG_WARN_INFINITE_RECURSION = YES;
				CLANG_WARN_INT_CONVERSION = YES;
				CLANG_WARN_NON_LITERAL_NULL_CONVERSION = YES;
				CLANG_WARN_OBJC_IMPLICIT_RETAIN_SELF = YES;
				CLANG_WARN_OBJC_LITERAL_CONVERSION = YES;
				CLANG_WARN_OBJC_ROOT_CLASS = YES_ERROR;
				CLANG_WARN_QUOTED_INCLUDE_IN_FRAMEWORK_HEADER = YES;
				CLANG_WARN_RANGE_LOOP_ANALYSIS = YES;
				CLANG_WARN_STRICT_PROTOTYPES = YES;
				CLANG_WARN_SUSPICIOUS_MOVE = YES;
				CLANG_WARN_UNGUARDED_AVAILABILITY = YES_AGGRESSIVE;
				CLANG_WARN_UNREACHABLE_CODE = YES;
				CLANG_WARN__DUPLICATE_METHOD_MATCH = YES;
				COPY_PHASE_STRIP = NO;
				DEBUG_INFORMATION_FORMAT = dwarf;
				ENABLE_STRICT_OBJC_MSGSEND = YES;
				ENABLE_TESTABILITY = YES;
				ENABLE_USER_SCRIPT_SANDBOXING = YES;
				GCC_C_LANGUAGE_STANDARD = gnu17;
				GCC_DYNAMIC_NO_PIC = NO;
				GCC_NO_COMMON_BLOCKS = YES;
				GCC_OPTIMIZATION_LEVEL = 0;
				GCC_PREPROCESSOR_DEFINITIONS = (
					"DEBUG=1",
					"$(inherited)",
				);
				GCC_WARN_64_TO_32_BIT_CONVERSION = YES;
				GCC_WARN_ABOUT_RETURN_TYPE = YES_ERROR;
				GCC_WARN_UNDECLARED_SELECTOR = YES;
				GCC_WARN_UNINITIALIZED_AUTOS = YES_AGGRESSIVE;
				GCC_WARN_UNUSED_FUNCTION = YES;
				GCC_WARN_UNUSED_VARIABLE = YES;
				IPHONEOS_DEPLOYMENT_TARGET = 16.0;
				LOCALIZATION_PREFERS_STRING_CATALOGS = YES;
				MTL_ENABLE_DEBUG_INFO = INCLUDE_SOURCE;
				MTL_FAST_MATH = YES;
				ONLY_ACTIVE_ARCH = YES;
				SDKROOT = iphoneos;
				SWIFT_ACTIVE_COMPILATION_CONDITIONS = "DEBUG $(inherited)";
				SWIFT_OPTIMIZATION_LEVEL = "-Onone";
			};
			name = Debug;
		};
		6ACDB8B22B16FC7A001AB6D2 /* Release */ = {
			isa = XCBuildConfiguration;
			buildSettings = {
				ALWAYS_SEARCH_USER_PATHS = NO;
				ASSETCATALOG_COMPILER_GENERATE_SWIFT_ASSET_SYMBOL_EXTENSIONS = YES;
				CLANG_ANALYZER_NONNULL = YES;
				CLANG_ANALYZER_NUMBER_OBJECT_CONVERSION = YES_AGGRESSIVE;
				CLANG_CXX_LANGUAGE_STANDARD = "gnu++20";
				CLANG_ENABLE_MODULES = YES;
				CLANG_ENABLE_OBJC_ARC = YES;
				CLANG_ENABLE_OBJC_WEAK = YES;
				CLANG_WARN_BLOCK_CAPTURE_AUTORELEASING = YES;
				CLANG_WARN_BOOL_CONVERSION = YES;
				CLANG_WARN_COMMA = YES;
				CLANG_WARN_CONSTANT_CONVERSION = YES;
				CLANG_WARN_DEPRECATED_OBJC_IMPLEMENTATIONS = YES;
				CLANG_WARN_DIRECT_OBJC_ISA_USAGE = YES_ERROR;
				CLANG_WARN_DOCUMENTATION_COMMENTS = YES;
				CLANG_WARN_EMPTY_BODY = YES;
				CLANG_WARN_ENUM_CONVERSION = YES;
				CLANG_WARN_INFINITE_RECURSION = YES;
				CLANG_WARN_INT_CONVERSION = YES;
				CLANG_WARN_NON_LITERAL_NULL_CONVERSION = YES;
				CLANG_WARN_OBJC_IMPLICIT_RETAIN_SELF = YES;
				CLANG_WARN_OBJC_LITERAL_CONVERSION = YES;
				CLANG_WARN_OBJC_ROOT_CLASS = YES_ERROR;
				CLANG_WARN_QUOTED_INCLUDE_IN_FRAMEWORK_HEADER = YES;
				CLANG_WARN_RANGE_LOOP_ANALYSIS = YES;
				CLANG_WARN_STRICT_PROTOTYPES = YES;
				CLANG_WARN_SUSPICIOUS_MOVE = YES;
				CLANG_WARN_UNGUARDED_AVAILABILITY = YES_AGGRESSIVE;
				CLANG_WARN_UNREACHABLE_CODE = YES;
				CLANG_WARN__DUPLICATE_METHOD_MATCH = YES;
				COPY_PHASE_STRIP = NO;
				DEBUG_INFORMATION_FORMAT = "dwarf-with-dsym";
				ENABLE_NS_ASSERTIONS = NO;
				ENABLE_STRICT_OBJC_MSGSEND = YES;
				ENABLE_USER_SCRIPT_SANDBOXING = YES;
				GCC_C_LANGUAGE_STANDARD = gnu17;
				GCC_NO_COMMON_BLOCKS = YES;
				GCC_WARN_64_TO_32_BIT_CONVERSION = YES;
				GCC_WARN_ABOUT_RETURN_TYPE = YES_ERROR;
				GCC_WARN_UNDECLARED_SELECTOR = YES;
				GCC_WARN_UNINITIALIZED_AUTOS = YES_AGGRESSIVE;
				GCC_WARN_UNUSED_FUNCTION = YES;
				GCC_WARN_UNUSED_VARIABLE = YES;
				IPHONEOS_DEPLOYMENT_TARGET = 16.0;
				LOCALIZATION_PREFERS_STRING_CATALOGS = YES;
				MTL_ENABLE_DEBUG_INFO = NO;
				MTL_FAST_MATH = YES;
				SDKROOT = iphoneos;
				SWIFT_COMPILATION_MODE = wholemodule;
				VALIDATE_PRODUCT = YES;
			};
			name = Release;
		};
		6ACDB8B42B16FC7A001AB6D2 /* Debug */ = {
			isa = XCBuildConfiguration;
			buildSettings = {
				ASSETCATALOG_COMPILER_APPICON_NAME = AppIcon;
				ASSETCATALOG_COMPILER_GLOBAL_ACCENT_COLOR_NAME = AccentColor;
				CODE_SIGN_STYLE = Automatic;
				CURRENT_PROJECT_VERSION = 1;
				DEVELOPMENT_TEAM = DVP2AJD489;
				GENERATE_INFOPLIST_FILE = YES;
				INFOPLIST_FILE = "<Coronado><Daisy>-HW10/Info.plist";
				INFOPLIST_KEY_UIApplicationSupportsIndirectInputEvents = YES;
				INFOPLIST_KEY_UILaunchStoryboardName = LaunchScreen;
				INFOPLIST_KEY_UIMainStoryboardFile = Main;
				INFOPLIST_KEY_UISupportedInterfaceOrientations_iPad = "UIInterfaceOrientationPortrait UIInterfaceOrientationPortraitUpsideDown UIInterfaceOrientationLandscapeLeft UIInterfaceOrientationLandscapeRight";
				INFOPLIST_KEY_UISupportedInterfaceOrientations_iPhone = "UIInterfaceOrientationPortrait UIInterfaceOrientationLandscapeLeft UIInterfaceOrientationLandscapeRight";
				LD_RUNPATH_SEARCH_PATHS = (
					"$(inherited)",
					"@executable_path/Frameworks",
				);
				MARKETING_VERSION = 1.0;
				PRODUCT_BUNDLE_IDENTIFIER = "ut-anthro.-Coronado--Daisy--HW10";
				PRODUCT_NAME = "$(TARGET_NAME)";
				SWIFT_EMIT_LOC_STRINGS = YES;
				SWIFT_VERSION = 5.0;
				TARGETED_DEVICE_FAMILY = "1,2";
			};
			name = Debug;
		};
		6ACDB8B52B16FC7A001AB6D2 /* Release */ = {
			isa = XCBuildConfiguration;
			buildSettings = {
				ASSETCATALOG_COMPILER_APPICON_NAME = AppIcon;
				ASSETCATALOG_COMPILER_GLOBAL_ACCENT_COLOR_NAME = AccentColor;
				CODE_SIGN_STYLE = Automatic;
				CURRENT_PROJECT_VERSION = 1;
				DEVELOPMENT_TEAM = DVP2AJD489;
				GENERATE_INFOPLIST_FILE = YES;
				INFOPLIST_FILE = "<Coronado><Daisy>-HW10/Info.plist";
				INFOPLIST_KEY_UIApplicationSupportsIndirectInputEvents = YES;
				INFOPLIST_KEY_UILaunchStoryboardName = LaunchScreen;
				INFOPLIST_KEY_UIMainStoryboardFile = Main;
				INFOPLIST_KEY_UISupportedInterfaceOrientations_iPad = "UIInterfaceOrientationPortrait UIInterfaceOrientationPortraitUpsideDown UIInterfaceOrientationLandscapeLeft UIInterfaceOrientationLandscapeRight";
				INFOPLIST_KEY_UISupportedInterfaceOrientations_iPhone = "UIInterfaceOrientationPortrait UIInterfaceOrientationLandscapeLeft UIInterfaceOrientationLandscapeRight";
				LD_RUNPATH_SEARCH_PATHS = (
					"$(inherited)",
					"@executable_path/Frameworks",
				);
				MARKETING_VERSION = 1.0;
				PRODUCT_BUNDLE_IDENTIFIER = "ut-anthro.-Coronado--Daisy--HW10";
				PRODUCT_NAME = "$(TARGET_NAME)";
				SWIFT_EMIT_LOC_STRINGS = YES;
				SWIFT_VERSION = 5.0;
				TARGETED_DEVICE_FAMILY = "1,2";
			};
			name = Release;
		};
/* End XCBuildConfiguration section */

/* Begin XCConfigurationList section */
		6ACDB89A2B16FC78001AB6D2 /* Build configuration list for PBXProject "<Coronado><Daisy>-HW10" */ = {
			isa = XCConfigurationList;
			buildConfigurations = (
				6ACDB8B12B16FC7A001AB6D2 /* Debug */,
				6ACDB8B22B16FC7A001AB6D2 /* Release */,
			);
			defaultConfigurationIsVisible = 0;
			defaultConfigurationName = Release;
		};
		6ACDB8B32B16FC7A001AB6D2 /* Build configuration list for PBXNativeTarget "<Coronado><Daisy>-HW10" */ = {
			isa = XCConfigurationList;
			buildConfigurations = (
				6ACDB8B42B16FC7A001AB6D2 /* Debug */,
				6ACDB8B52B16FC7A001AB6D2 /* Release */,
			);
			defaultConfigurationIsVisible = 0;
			defaultConfigurationName = Release;
		};
/* End XCConfigurationList section */
	};
	rootObject = 6ACDB8972B16FC78001AB6D2 /* Project object */;
}
